github.com/google/go-cmp v0.5.2/go.mod h1:v8dTdLbMG2kIc/vJvl+f65V22dbkXbowE6jgT/gNBxE=
github.com/google/go-querystring v1.1.0 h1:AnCroh3fv4ZBgVIf1Iwtovgjaw/GiKJo8M8yD/fhyJ8=
github.com/google/go-querystring v1.1.0/go.mod h1:Kcdr2DB4koayq7X8pmAG4sNG59So17icRSOU623lUBU=
github.com/yin1999/healthreport v1.0.4/go.mod h1:ogqN3wu+BPxAY9xxNFCi9nJtp2pmo/iohvTTSVKHE3o=
github.com/yin1999/healthreport v1.0.5 h1:BxasuJ18R9hdckDdXAbPInAzV+3A5mdA+ur7LnMzG2I=
github.com/yin1999/healthreport v1.0.5/go.mod h1:EP5k/2+bA735QLOLR8iUMPOYKOUasS2WV7NQdprL7r8=
github.com/yin1999/justhealthreport v0.1.0 h1:Vo5vdxIch3nBzRkx12tjMBdtgyI1G8grNHt92hePV5k=
github.com/yin1999/justhealthreport v0.1.0/go.mod h1:zp2BcjE3x4kXRV8EtL/qN5NuM3+rioWe6+jOwnen/KU=
github.com/yin1999/justhealthreport v0.1.1 h1:qYs/WlXgDRRONZT52yuE3JIeeS28Alpx4PZ4j4FxPR8=
github.com/yin1999/justhealthreport v0.1.1/go.mod h1:VBSOGd4sazFt3gT7O9d8OLN3Jw1+cAUvGML4KsSqQq4=
golang.org/x/sys v0.0.0-20201119102817-f84b799fce68/go.mod h1:h1NjWce9XRLGQEsW7wpKNCjG9DtNlClVuFLEZdDNbEs=
golang.org/x/sys v0.0.0-20210403161142-5e06dd20ab57/go.mod h1:h1NjWce9XRLGQEsW7wpKNCjG9DtNlClVuFLEZdDNbEs=
golang.org/x/sys v0.0.0-20210426230700-d19ff857e887 h1:dXfMednGJh/SUUFjTLsWJz3P+TQt9qnR11GgeI3vWKs=
golang.org/x/sys v0.0.0-20210426230700-d19ff857e887/go.mod h1:h1NjWce9XRLGQEsW7wpKNCjG9DtNlClVuFLEZdDNbEs=
golang.org/x/term v0.0.0-20210406210042-72f3dc4e9b72/go.mod h1:bj7SfCRtBDWHUb9snDiAeCFNEtKQo2Wmx5Cou7ajbmo=
golang.org/x/term v0.0.0-20210429154555-c04ba851c2a4 h1:UPou2i3GzKgi6igR+/0C5XyHKBngHxBp/CL5CQ0p3Zk=
golang.org/x/term v0.0.0-20210429154555-c04ba851c2a4/go.mod h1:bj7SfCRtBDWHUb9snDiAeCFNEtKQo2Wmx5Cou7ajbmo=
golang.org/x/xerrors v0.0.0-20191204190536-9bdfabe68543/go.mod h1:I/5z698sn9Ka8TeJc9MKroUUfqBBauWjQqLJ2OPfmY0=
